Microsoft Visual Studio Solution File, Format Version 12.00
# Visual Studio Version 17
VisualStudioVersion = 17.2.32210.308
MinimumVisualStudioVersion = 15.0.26124.0

Project("{2150E333-8FDC-42A3-9474-1A3956D46DE8}") = "Source", "Source", "{FCD26C95-9F18-4058-9F0F-562B85232B89}"
EndProject
Project("{2150E333-8FDC-42A3-9474-1A3956D46DE8}") = "Platforms", "Platforms", "{A90CFCD6-CB91-4447-BC55-F01AFC9B2390}"
EndProject
Project("{2150E333-8FDC-42A3-9474-1A3956D46DE8}") = "Backend", "Backend", "{2083F92C-3C42-44A2-9AFD-B7D600C70055}"
EndProject
Project("{2150E333-8FDC-42A3-9474-1A3956D46DE8}") = "Tests", "Tests", "{EBF58A42-4E8B-4732-AF93-74FF2262BF87}"
EndProject

Project("{9A19103F-16F7-4668-BE54-9A1E7A4F7556}") = "AudioGalaxy", "AudioGalaxy\AudioGalaxy.csproj", "{C1EE52BC-4286-4B91-9E8D-7F6EF8B442CB}"
EndProject
Project("{9A19103F-16F7-4668-BE54-9A1E7A4F7556}") = "AudioGalaxy.Shared", "AudioGalaxy.Shared\AudioGalaxy.Shared.csproj", "{2189102C-8698-4760-A2C5-ADED686F84E2}"
EndProject
Project("{9A19103F-16F7-4668-BE54-9A1E7A4F7556}") = "AudioGalaxy.Mobile", "AudioGalaxy.Mobile\AudioGalaxy.Mobile.csproj", "{7E0E337E-0182-4A0E-BAA6-6941F48629C9}"
EndProject
Project("{9A19103F-16F7-4668-BE54-9A1E7A4F7556}") = "AudioGalaxy.Wasm", "AudioGalaxy.Wasm\AudioGalaxy.Wasm.csproj", "{1868097D-BFBF-4CBC-81C3-9C7F8B2C1F0E}"
EndProject
Project("{9A19103F-16F7-4668-BE54-9A1E7A4F7556}") = "AudioGalaxy.Server", "AudioGalaxy.Server\AudioGalaxy.Server.csproj", "{645FB90E-0136-496A-937D-072BC8506511}"
EndProject
Project("{9A19103F-16F7-4668-BE54-9A1E7A4F7556}") = "AudioGalaxy.DataContracts", "AudioGalaxy.DataContracts\AudioGalaxy.DataContracts.csproj", "{4DAC0CF2-5FEE-4AE5-86A9-618A0DAAC84B}"
EndProject
Project("{9A19103F-16F7-4668-BE54-9A1E7A4F7556}") = "AudioGalaxy.Tests", "AudioGalaxy.Tests\AudioGalaxy.Tests.csproj", "{2CB04905-1012-4C39-B349-BDABA42D65A7}"
EndProject
Project("{9A19103F-16F7-4668-BE54-9A1E7A4F7556}") = "AudioGalaxy.UITests", "AudioGalaxy.UITests\AudioGalaxy.UITests.csproj", "{7C598848-1D50-4BF2-B92A-3A7AF50058A9}"
EndProject

Project("{2150E333-8FDC-42A3-9474-1A3956D46DE8}") = "Solution Items", "Solution Items", "{BADA71DC-7FFD-4EDC-9F28-FB74AEADC713}"
	ProjectSection(SolutionItems) = preProject
		.gitignore = .gitignore
		Directory.Build.props = Directory.Build.props
		Directory.Build.targets = Directory.Build.targets
		solution-config.props.sample = solution-config.props.sample
		global.json = global.json
		Directory.Packages.props = Directory.Packages.props
	EndProjectSection
EndProject
Global
	GlobalSection(SolutionConfigurationPlatforms) = preSolution
		Debug|Any CPU = Debug|Any CPU
		Debug|ARM = Debug|ARM
		Debug|ARM64 = Debug|ARM64
		Debug|iPhone = Debug|iPhone
		Debug|iPhoneSimulator = Debug|iPhoneSimulator
		Debug|x64 = Debug|x64
		Debug|x86 = Debug|x86
		Release|Any CPU = Release|Any CPU
		Release|ARM = Release|ARM
		Release|ARM64 = Release|ARM64
		Release|iPhone = Release|iPhone
		Release|iPhoneSimulator = Release|iPhoneSimulator
		Release|x64 = Release|x64
		Release|x86 = Release|x86
	EndGlobalSection
	GlobalSection(ProjectConfigurationPlatforms) = postSolution
		{7E0E337E-0182-4A0E-BAA6-6941F48629C9}.Debug|Any CPU.ActiveCfg = Debug|Any CPU
		{7E0E337E-0182-4A0E-BAA6-6941F48629C9}.Debug|Any CPU.Build.0 = Debug|Any CPU
		{7E0E337E-0182-4A0E-BAA6-6941F48629C9}.Debug|Any CPU.Deploy.0 = Debug|Any CPU
		{7E0E337E-0182-4A0E-BAA6-6941F48629C9}.Debug|ARM.ActiveCfg = Debug|Any CPU
		{7E0E337E-0182-4A0E-BAA6-6941F48629C9}.Debug|ARM.Build.0 = Debug|Any CPU
		{7E0E337E-0182-4A0E-BAA6-6941F48629C9}.Debug|ARM.Deploy.0 = Debug|Any CPU
		{7E0E337E-0182-4A0E-BAA6-6941F48629C9}.Debug|ARM64.ActiveCfg = Debug|Any CPU
		{7E0E337E-0182-4A0E-BAA6-6941F48629C9}.Debug|ARM64.Build.0 = Debug|Any CPU
		{7E0E337E-0182-4A0E-BAA6-6941F48629C9}.Debug|ARM64.Deploy.0 = Debug|Any CPU
		{7E0E337E-0182-4A0E-BAA6-6941F48629C9}.Debug|iPhone.ActiveCfg = Debug|Any CPU
		{7E0E337E-0182-4A0E-BAA6-6941F48629C9}.Debug|iPhone.Build.0 = Debug|Any CPU
		{7E0E337E-0182-4A0E-BAA6-6941F48629C9}.Debug|iPhone.Deploy.0 = Debug|Any CPU
		{7E0E337E-0182-4A0E-BAA6-6941F48629C9}.Debug|iPhoneSimulator.ActiveCfg = Debug|Any CPU
		{7E0E337E-0182-4A0E-BAA6-6941F48629C9}.Debug|iPhoneSimulator.Build.0 = Debug|Any CPU
		{7E0E337E-0182-4A0E-BAA6-6941F48629C9}.Debug|iPhoneSimulator.Deploy.0 = Debug|Any CPU
		{7E0E337E-0182-4A0E-BAA6-6941F48629C9}.Debug|x64.ActiveCfg = Debug|Any CPU
		{7E0E337E-0182-4A0E-BAA6-6941F48629C9}.Debug|x64.Build.0 = Debug|Any CPU
		{7E0E337E-0182-4A0E-BAA6-6941F48629C9}.Debug|x64.Deploy.0 = Debug|Any CPU
		{7E0E337E-0182-4A0E-BAA6-6941F48629C9}.Debug|x86.ActiveCfg = Debug|Any CPU
		{7E0E337E-0182-4A0E-BAA6-6941F48629C9}.Debug|x86.Build.0 = Debug|Any CPU
		{7E0E337E-0182-4A0E-BAA6-6941F48629C9}.Debug|x86.Deploy.0 = Debug|Any CPU
		{7E0E337E-0182-4A0E-BAA6-6941F48629C9}.Release|Any CPU.ActiveCfg = Release|Any CPU
		{7E0E337E-0182-4A0E-BAA6-6941F48629C9}.Release|Any CPU.Build.0 = Release|Any CPU
		{7E0E337E-0182-4A0E-BAA6-6941F48629C9}.Release|Any CPU.Deploy.0 = Release|Any CPU
		{7E0E337E-0182-4A0E-BAA6-6941F48629C9}.Release|ARM.ActiveCfg = Release|Any CPU
		{7E0E337E-0182-4A0E-BAA6-6941F48629C9}.Release|ARM.Build.0 = Release|Any CPU
		{7E0E337E-0182-4A0E-BAA6-6941F48629C9}.Release|ARM.Deploy.0 = Release|Any CPU
		{7E0E337E-0182-4A0E-BAA6-6941F48629C9}.Release|ARM64.ActiveCfg = Release|Any CPU
		{7E0E337E-0182-4A0E-BAA6-6941F48629C9}.Release|ARM64.Build.0 = Release|Any CPU
		{7E0E337E-0182-4A0E-BAA6-6941F48629C9}.Release|ARM64.Deploy.0 = Release|Any CPU
		{7E0E337E-0182-4A0E-BAA6-6941F48629C9}.Release|iPhone.ActiveCfg = Release|Any CPU
		{7E0E337E-0182-4A0E-BAA6-6941F48629C9}.Release|iPhone.Build.0 = Release|Any CPU
		{7E0E337E-0182-4A0E-BAA6-6941F48629C9}.Release|iPhone.Deploy.0 = Release|Any CPU
		{7E0E337E-0182-4A0E-BAA6-6941F48629C9}.Release|iPhoneSimulator.ActiveCfg = Release|Any CPU
		{7E0E337E-0182-4A0E-BAA6-6941F48629C9}.Release|iPhoneSimulator.Build.0 = Release|Any CPU
		{7E0E337E-0182-4A0E-BAA6-6941F48629C9}.Release|iPhoneSimulator.Deploy.0 = Release|Any CPU
		{7E0E337E-0182-4A0E-BAA6-6941F48629C9}.Release|x64.ActiveCfg = Release|Any CPU
		{7E0E337E-0182-4A0E-BAA6-6941F48629C9}.Release|x64.Build.0 = Release|Any CPU
		{7E0E337E-0182-4A0E-BAA6-6941F48629C9}.Release|x64.Deploy.0 = Release|Any CPU
		{7E0E337E-0182-4A0E-BAA6-6941F48629C9}.Release|x86.ActiveCfg = Release|Any CPU
		{7E0E337E-0182-4A0E-BAA6-6941F48629C9}.Release|x86.Build.0 = Release|Any CPU
		{7E0E337E-0182-4A0E-BAA6-6941F48629C9}.Release|x86.Deploy.0 = Release|Any CPU
		{1868097D-BFBF-4CBC-81C3-9C7F8B2C1F0E}.Debug|Any CPU.ActiveCfg = Debug|Any CPU
		{1868097D-BFBF-4CBC-81C3-9C7F8B2C1F0E}.Debug|Any CPU.Build.0 = Debug|Any CPU
		{1868097D-BFBF-4CBC-81C3-9C7F8B2C1F0E}.Debug|ARM.ActiveCfg = Debug|Any CPU
		{1868097D-BFBF-4CBC-81C3-9C7F8B2C1F0E}.Debug|ARM.Build.0 = Debug|Any CPU
		{1868097D-BFBF-4CBC-81C3-9C7F8B2C1F0E}.Debug|ARM64.ActiveCfg = Debug|Any CPU
		{1868097D-BFBF-4CBC-81C3-9C7F8B2C1F0E}.Debug|ARM64.Build.0 = Debug|Any CPU
		{1868097D-BFBF-4CBC-81C3-9C7F8B2C1F0E}.Debug|iPhone.ActiveCfg = Debug|Any CPU
		{1868097D-BFBF-4CBC-81C3-9C7F8B2C1F0E}.Debug|iPhone.Build.0 = Debug|Any CPU
		{1868097D-BFBF-4CBC-81C3-9C7F8B2C1F0E}.Debug|iPhoneSimulator.ActiveCfg = Debug|Any CPU
		{1868097D-BFBF-4CBC-81C3-9C7F8B2C1F0E}.Debug|iPhoneSimulator.Build.0 = Debug|Any CPU
		{1868097D-BFBF-4CBC-81C3-9C7F8B2C1F0E}.Debug|x64.ActiveCfg = Debug|Any CPU
		{1868097D-BFBF-4CBC-81C3-9C7F8B2C1F0E}.Debug|x64.Build.0 = Debug|Any CPU
		{1868097D-BFBF-4CBC-81C3-9C7F8B2C1F0E}.Debug|x86.ActiveCfg = Debug|Any CPU
		{1868097D-BFBF-4CBC-81C3-9C7F8B2C1F0E}.Debug|x86.Build.0 = Debug|Any CPU
		{1868097D-BFBF-4CBC-81C3-9C7F8B2C1F0E}.Release|Any CPU.ActiveCfg = Release|Any CPU
		{1868097D-BFBF-4CBC-81C3-9C7F8B2C1F0E}.Release|Any CPU.Build.0 = Release|Any CPU
		{1868097D-BFBF-4CBC-81C3-9C7F8B2C1F0E}.Release|ARM.ActiveCfg = Release|Any CPU
		{1868097D-BFBF-4CBC-81C3-9C7F8B2C1F0E}.Release|ARM.Build.0 = Release|Any CPU
		{1868097D-BFBF-4CBC-81C3-9C7F8B2C1F0E}.Release|ARM64.ActiveCfg = Release|Any CPU
		{1868097D-BFBF-4CBC-81C3-9C7F8B2C1F0E}.Release|ARM64.Build.0 = Release|Any CPU
		{1868097D-BFBF-4CBC-81C3-9C7F8B2C1F0E}.Release|iPhone.ActiveCfg = Release|Any CPU
		{1868097D-BFBF-4CBC-81C3-9C7F8B2C1F0E}.Release|iPhone.Build.0 = Release|Any CPU
		{1868097D-BFBF-4CBC-81C3-9C7F8B2C1F0E}.Release|iPhoneSimulator.ActiveCfg = Release|Any CPU
		{1868097D-BFBF-4CBC-81C3-9C7F8B2C1F0E}.Release|iPhoneSimulator.Build.0 = Release|Any CPU
		{1868097D-BFBF-4CBC-81C3-9C7F8B2C1F0E}.Release|x64.ActiveCfg = Release|Any CPU
		{1868097D-BFBF-4CBC-81C3-9C7F8B2C1F0E}.Release|x64.Build.0 = Release|Any CPU
		{1868097D-BFBF-4CBC-81C3-9C7F8B2C1F0E}.Release|x86.ActiveCfg = Release|Any CPU
		{1868097D-BFBF-4CBC-81C3-9C7F8B2C1F0E}.Release|x86.Build.0 = Release|Any CPU
		{645FB90E-0136-496A-937D-072BC8506511}.Debug|Any CPU.ActiveCfg = Debug|Any CPU
		{645FB90E-0136-496A-937D-072BC8506511}.Debug|Any CPU.Build.0 = Debug|Any CPU
		{645FB90E-0136-496A-937D-072BC8506511}.Debug|ARM.ActiveCfg = Debug|Any CPU
		{645FB90E-0136-496A-937D-072BC8506511}.Debug|ARM.Build.0 = Debug|Any CPU
		{645FB90E-0136-496A-937D-072BC8506511}.Debug|ARM64.ActiveCfg = Debug|Any CPU
		{645FB90E-0136-496A-937D-072BC8506511}.Debug|ARM64.Build.0 = Debug|Any CPU
		{645FB90E-0136-496A-937D-072BC8506511}.Debug|iPhone.ActiveCfg = Debug|Any CPU
		{645FB90E-0136-496A-937D-072BC8506511}.Debug|iPhone.Build.0 = Debug|Any CPU
		{645FB90E-0136-496A-937D-072BC8506511}.Debug|iPhoneSimulator.ActiveCfg = Debug|Any CPU
		{645FB90E-0136-496A-937D-072BC8506511}.Debug|iPhoneSimulator.Build.0 = Debug|Any CPU
		{645FB90E-0136-496A-937D-072BC8506511}.Debug|x64.ActiveCfg = Debug|Any CPU
		{645FB90E-0136-496A-937D-072BC8506511}.Debug|x64.Build.0 = Debug|Any CPU
		{645FB90E-0136-496A-937D-072BC8506511}.Debug|x86.ActiveCfg = Debug|Any CPU
		{645FB90E-0136-496A-937D-072BC8506511}.Debug|x86.Build.0 = Debug|Any CPU
		{645FB90E-0136-496A-937D-072BC8506511}.Release|Any CPU.ActiveCfg = Release|Any CPU
		{645FB90E-0136-496A-937D-072BC8506511}.Release|Any CPU.Build.0 = Release|Any CPU
		{645FB90E-0136-496A-937D-072BC8506511}.Release|ARM.ActiveCfg = Release|Any CPU
		{645FB90E-0136-496A-937D-072BC8506511}.Release|ARM.Build.0 = Release|Any CPU
		{645FB90E-0136-496A-937D-072BC8506511}.Release|ARM64.ActiveCfg = Release|Any CPU
		{645FB90E-0136-496A-937D-072BC8506511}.Release|ARM64.Build.0 = Release|Any CPU
		{645FB90E-0136-496A-937D-072BC8506511}.Release|iPhone.ActiveCfg = Release|Any CPU
		{645FB90E-0136-496A-937D-072BC8506511}.Release|iPhone.Build.0 = Release|Any CPU
		{645FB90E-0136-496A-937D-072BC8506511}.Release|iPhoneSimulator.ActiveCfg = Release|Any CPU
		{645FB90E-0136-496A-937D-072BC8506511}.Release|iPhoneSimulator.Build.0 = Release|Any CPU
		{645FB90E-0136-496A-937D-072BC8506511}.Release|x64.ActiveCfg = Release|Any CPU
		{645FB90E-0136-496A-937D-072BC8506511}.Release|x64.Build.0 = Release|Any CPU
		{645FB90E-0136-496A-937D-072BC8506511}.Release|x86.ActiveCfg = Release|Any CPU
		{645FB90E-0136-496A-937D-072BC8506511}.Release|x86.Build.0 = Release|Any CPU
		{4DAC0CF2-5FEE-4AE5-86A9-618A0DAAC84B}.Debug|Any CPU.ActiveCfg = Debug|Any CPU
		{4DAC0CF2-5FEE-4AE5-86A9-618A0DAAC84B}.Debug|Any CPU.Build.0 = Debug|Any CPU
		{4DAC0CF2-5FEE-4AE5-86A9-618A0DAAC84B}.Debug|ARM.ActiveCfg = Debug|Any CPU
		{4DAC0CF2-5FEE-4AE5-86A9-618A0DAAC84B}.Debug|ARM.Build.0 = Debug|Any CPU
		{4DAC0CF2-5FEE-4AE5-86A9-618A0DAAC84B}.Debug|ARM64.ActiveCfg = Debug|Any CPU
		{4DAC0CF2-5FEE-4AE5-86A9-618A0DAAC84B}.Debug|ARM64.Build.0 = Debug|Any CPU
		{4DAC0CF2-5FEE-4AE5-86A9-618A0DAAC84B}.Debug|iPhone.ActiveCfg = Debug|Any CPU
		{4DAC0CF2-5FEE-4AE5-86A9-618A0DAAC84B}.Debug|iPhone.Build.0 = Debug|Any CPU
		{4DAC0CF2-5FEE-4AE5-86A9-618A0DAAC84B}.Debug|iPhoneSimulator.ActiveCfg = Debug|Any CPU
		{4DAC0CF2-5FEE-4AE5-86A9-618A0DAAC84B}.Debug|iPhoneSimulator.Build.0 = Debug|Any CPU
		{4DAC0CF2-5FEE-4AE5-86A9-618A0DAAC84B}.Debug|x64.ActiveCfg = Debug|Any CPU
		{4DAC0CF2-5FEE-4AE5-86A9-618A0DAAC84B}.Debug|x64.Build.0 = Debug|Any CPU
		{4DAC0CF2-5FEE-4AE5-86A9-618A0DAAC84B}.Debug|x86.ActiveCfg = Debug|Any CPU
		{4DAC0CF2-5FEE-4AE5-86A9-618A0DAAC84B}.Debug|x86.Build.0 = Debug|Any CPU
		{4DAC0CF2-5FEE-4AE5-86A9-618A0DAAC84B}.Release|Any CPU.ActiveCfg = Release|Any CPU
		{4DAC0CF2-5FEE-4AE5-86A9-618A0DAAC84B}.Release|Any CPU.Build.0 = Release|Any CPU
		{4DAC0CF2-5FEE-4AE5-86A9-618A0DAAC84B}.Release|ARM.ActiveCfg = Release|Any CPU
		{4DAC0CF2-5FEE-4AE5-86A9-618A0DAAC84B}.Release|ARM.Build.0 = Release|Any CPU
		{4DAC0CF2-5FEE-4AE5-86A9-618A0DAAC84B}.Release|ARM64.ActiveCfg = Release|Any CPU
		{4DAC0CF2-5FEE-4AE5-86A9-618A0DAAC84B}.Release|ARM64.Build.0 = Release|Any CPU
		{4DAC0CF2-5FEE-4AE5-86A9-618A0DAAC84B}.Release|iPhone.ActiveCfg = Release|Any CPU
		{4DAC0CF2-5FEE-4AE5-86A9-618A0DAAC84B}.Release|iPhone.Build.0 = Release|Any CPU
		{4DAC0CF2-5FEE-4AE5-86A9-618A0DAAC84B}.Release|iPhoneSimulator.ActiveCfg = Release|Any CPU
		{4DAC0CF2-5FEE-4AE5-86A9-618A0DAAC84B}.Release|iPhoneSimulator.Build.0 = Release|Any CPU
		{4DAC0CF2-5FEE-4AE5-86A9-618A0DAAC84B}.Release|x64.ActiveCfg = Release|Any CPU
		{4DAC0CF2-5FEE-4AE5-86A9-618A0DAAC84B}.Release|x64.Build.0 = Release|Any CPU
		{4DAC0CF2-5FEE-4AE5-86A9-618A0DAAC84B}.Release|x86.ActiveCfg = Release|Any CPU
		{4DAC0CF2-5FEE-4AE5-86A9-618A0DAAC84B}.Release|x86.Build.0 = Release|Any CPU
		{C1EE52BC-4286-4B91-9E8D-7F6EF8B442CB}.Debug|Any CPU.ActiveCfg = Debug|Any CPU
		{C1EE52BC-4286-4B91-9E8D-7F6EF8B442CB}.Debug|Any CPU.Build.0 = Debug|Any CPU
		{C1EE52BC-4286-4B91-9E8D-7F6EF8B442CB}.Debug|ARM.ActiveCfg = Debug|Any CPU
		{C1EE52BC-4286-4B91-9E8D-7F6EF8B442CB}.Debug|ARM.Build.0 = Debug|Any CPU
		{C1EE52BC-4286-4B91-9E8D-7F6EF8B442CB}.Debug|ARM64.ActiveCfg = Debug|Any CPU
		{C1EE52BC-4286-4B91-9E8D-7F6EF8B442CB}.Debug|ARM64.Build.0 = Debug|Any CPU
		{C1EE52BC-4286-4B91-9E8D-7F6EF8B442CB}.Debug|iPhone.ActiveCfg = Debug|Any CPU
		{C1EE52BC-4286-4B91-9E8D-7F6EF8B442CB}.Debug|iPhone.Build.0 = Debug|Any CPU
		{C1EE52BC-4286-4B91-9E8D-7F6EF8B442CB}.Debug|iPhoneSimulator.ActiveCfg = Debug|Any CPU
		{C1EE52BC-4286-4B91-9E8D-7F6EF8B442CB}.Debug|iPhoneSimulator.Build.0 = Debug|Any CPU
		{C1EE52BC-4286-4B91-9E8D-7F6EF8B442CB}.Debug|x64.ActiveCfg = Debug|Any CPU
		{C1EE52BC-4286-4B91-9E8D-7F6EF8B442CB}.Debug|x64.Build.0 = Debug|Any CPU
		{C1EE52BC-4286-4B91-9E8D-7F6EF8B442CB}.Debug|x86.ActiveCfg = Debug|Any CPU
		{C1EE52BC-4286-4B91-9E8D-7F6EF8B442CB}.Debug|x86.Build.0 = Debug|Any CPU
		{C1EE52BC-4286-4B91-9E8D-7F6EF8B442CB}.Release|Any CPU.ActiveCfg = Release|Any CPU
		{C1EE52BC-4286-4B91-9E8D-7F6EF8B442CB}.Release|Any CPU.Build.0 = Release|Any CPU
		{C1EE52BC-4286-4B91-9E8D-7F6EF8B442CB}.Release|ARM.ActiveCfg = Release|Any CPU
		{C1EE52BC-4286-4B91-9E8D-7F6EF8B442CB}.Release|ARM.Build.0 = Release|Any CPU
		{C1EE52BC-4286-4B91-9E8D-7F6EF8B442CB}.Release|ARM64.ActiveCfg = Release|Any CPU
		{C1EE52BC-4286-4B91-9E8D-7F6EF8B442CB}.Release|ARM64.Build.0 = Release|Any CPU
		{C1EE52BC-4286-4B91-9E8D-7F6EF8B442CB}.Release|iPhone.ActiveCfg = Release|Any CPU
		{C1EE52BC-4286-4B91-9E8D-7F6EF8B442CB}.Release|iPhone.Build.0 = Release|Any CPU
		{C1EE52BC-4286-4B91-9E8D-7F6EF8B442CB}.Release|iPhoneSimulator.ActiveCfg = Release|Any CPU
		{C1EE52BC-4286-4B91-9E8D-7F6EF8B442CB}.Release|iPhoneSimulator.Build.0 = Release|Any CPU
		{C1EE52BC-4286-4B91-9E8D-7F6EF8B442CB}.Release|x64.ActiveCfg = Release|Any CPU
		{C1EE52BC-4286-4B91-9E8D-7F6EF8B442CB}.Release|x64.Build.0 = Release|Any CPU
		{C1EE52BC-4286-4B91-9E8D-7F6EF8B442CB}.Release|x86.ActiveCfg = Release|Any CPU
		{C1EE52BC-4286-4B91-9E8D-7F6EF8B442CB}.Release|x86.Build.0 = Release|Any CPU
		{2CB04905-1012-4C39-B349-BDABA42D65A7}.Debug|Any CPU.ActiveCfg = Debug|Any CPU
		{2CB04905-1012-4C39-B349-BDABA42D65A7}.Debug|Any CPU.Build.0 = Debug|Any CPU
		{2CB04905-1012-4C39-B349-BDABA42D65A7}.Debug|ARM.ActiveCfg = Debug|Any CPU
		{2CB04905-1012-4C39-B349-BDABA42D65A7}.Debug|ARM.Build.0 = Debug|Any CPU
		{2CB04905-1012-4C39-B349-BDABA42D65A7}.Debug|ARM64.ActiveCfg = Debug|Any CPU
		{2CB04905-1012-4C39-B349-BDABA42D65A7}.Debug|ARM64.Build.0 = Debug|Any CPU
		{2CB04905-1012-4C39-B349-BDABA42D65A7}.Debug|iPhone.ActiveCfg = Debug|Any CPU
		{2CB04905-1012-4C39-B349-BDABA42D65A7}.Debug|iPhone.Build.0 = Debug|Any CPU
		{2CB04905-1012-4C39-B349-BDABA42D65A7}.Debug|iPhoneSimulator.ActiveCfg = Debug|Any CPU
		{2CB04905-1012-4C39-B349-BDABA42D65A7}.Debug|iPhoneSimulator.Build.0 = Debug|Any CPU
		{2CB04905-1012-4C39-B349-BDABA42D65A7}.Debug|x64.ActiveCfg = Debug|Any CPU
		{2CB04905-1012-4C39-B349-BDABA42D65A7}.Debug|x64.Build.0 = Debug|Any CPU
		{2CB04905-1012-4C39-B349-BDABA42D65A7}.Debug|x86.ActiveCfg = Debug|Any CPU
		{2CB04905-1012-4C39-B349-BDABA42D65A7}.Debug|x86.Build.0 = Debug|Any CPU
		{2CB04905-1012-4C39-B349-BDABA42D65A7}.Release|Any CPU.ActiveCfg = Release|Any CPU
		{2CB04905-1012-4C39-B349-BDABA42D65A7}.Release|Any CPU.Build.0 = Release|Any CPU
		{2CB04905-1012-4C39-B349-BDABA42D65A7}.Release|ARM.ActiveCfg = Release|Any CPU
		{2CB04905-1012-4C39-B349-BDABA42D65A7}.Release|ARM.Build.0 = Release|Any CPU
		{2CB04905-1012-4C39-B349-BDABA42D65A7}.Release|ARM64.ActiveCfg = Release|Any CPU
		{2CB04905-1012-4C39-B349-BDABA42D65A7}.Release|ARM64.Build.0 = Release|Any CPU
		{2CB04905-1012-4C39-B349-BDABA42D65A7}.Release|iPhone.ActiveCfg = Release|Any CPU
		{2CB04905-1012-4C39-B349-BDABA42D65A7}.Release|iPhone.Build.0 = Release|Any CPU
		{2CB04905-1012-4C39-B349-BDABA42D65A7}.Release|iPhoneSimulator.ActiveCfg = Release|Any CPU
		{2CB04905-1012-4C39-B349-BDABA42D65A7}.Release|iPhoneSimulator.Build.0 = Release|Any CPU
		{2CB04905-1012-4C39-B349-BDABA42D65A7}.Release|x64.ActiveCfg = Release|Any CPU
		{2CB04905-1012-4C39-B349-BDABA42D65A7}.Release|x64.Build.0 = Release|Any CPU
		{2CB04905-1012-4C39-B349-BDABA42D65A7}.Release|x86.ActiveCfg = Release|Any CPU
		{2CB04905-1012-4C39-B349-BDABA42D65A7}.Release|x86.Build.0 = Release|Any CPU
		{7C598848-1D50-4BF2-B92A-3A7AF50058A9}.Debug|Any CPU.ActiveCfg = Debug|Any CPU
		{7C598848-1D50-4BF2-B92A-3A7AF50058A9}.Debug|Any CPU.Build.0 = Debug|Any CPU
		{7C598848-1D50-4BF2-B92A-3A7AF50058A9}.Debug|ARM.ActiveCfg = Debug|Any CPU
		{7C598848-1D50-4BF2-B92A-3A7AF50058A9}.Debug|ARM.Build.0 = Debug|Any CPU
		{7C598848-1D50-4BF2-B92A-3A7AF50058A9}.Debug|ARM64.ActiveCfg = Debug|Any CPU
		{7C598848-1D50-4BF2-B92A-3A7AF50058A9}.Debug|ARM64.Build.0 = Debug|Any CPU
		{7C598848-1D50-4BF2-B92A-3A7AF50058A9}.Debug|iPhone.ActiveCfg = Debug|Any CPU
		{7C598848-1D50-4BF2-B92A-3A7AF50058A9}.Debug|iPhone.Build.0 = Debug|Any CPU
		{7C598848-1D50-4BF2-B92A-3A7AF50058A9}.Debug|iPhoneSimulator.ActiveCfg = Debug|Any CPU
		{7C598848-1D50-4BF2-B92A-3A7AF50058A9}.Debug|iPhoneSimulator.Build.0 = Debug|Any CPU
		{7C598848-1D50-4BF2-B92A-3A7AF50058A9}.Debug|x64.ActiveCfg = Debug|Any CPU
		{7C598848-1D50-4BF2-B92A-3A7AF50058A9}.Debug|x64.Build.0 = Debug|Any CPU
		{7C598848-1D50-4BF2-B92A-3A7AF50058A9}.Debug|x86.ActiveCfg = Debug|Any CPU
		{7C598848-1D50-4BF2-B92A-3A7AF50058A9}.Debug|x86.Build.0 = Debug|Any CPU
		{7C598848-1D50-4BF2-B92A-3A7AF50058A9}.Release|Any CPU.ActiveCfg = Release|Any CPU
		{7C598848-1D50-4BF2-B92A-3A7AF50058A9}.Release|Any CPU.Build.0 = Release|Any CPU
		{7C598848-1D50-4BF2-B92A-3A7AF50058A9}.Release|ARM.ActiveCfg = Release|Any CPU
		{7C598848-1D50-4BF2-B92A-3A7AF50058A9}.Release|ARM.Build.0 = Release|Any CPU
		{7C598848-1D50-4BF2-B92A-3A7AF50058A9}.Release|ARM64.ActiveCfg = Release|Any CPU
		{7C598848-1D50-4BF2-B92A-3A7AF50058A9}.Release|ARM64.Build.0 = Release|Any CPU
		{7C598848-1D50-4BF2-B92A-3A7AF50058A9}.Release|iPhone.ActiveCfg = Release|Any CPU
		{7C598848-1D50-4BF2-B92A-3A7AF50058A9}.Release|iPhone.Build.0 = Release|Any CPU
		{7C598848-1D50-4BF2-B92A-3A7AF50058A9}.Release|iPhoneSimulator.ActiveCfg = Release|Any CPU
		{7C598848-1D50-4BF2-B92A-3A7AF50058A9}.Release|iPhoneSimulator.Build.0 = Release|Any CPU
		{7C598848-1D50-4BF2-B92A-3A7AF50058A9}.Release|x64.ActiveCfg = Release|Any CPU
		{7C598848-1D50-4BF2-B92A-3A7AF50058A9}.Release|x64.Build.0 = Release|Any CPU
		{7C598848-1D50-4BF2-B92A-3A7AF50058A9}.Release|x86.ActiveCfg = Release|Any CPU
		{7C598848-1D50-4BF2-B92A-3A7AF50058A9}.Release|x86.Build.0 = Release|Any CPU
	EndGlobalSection
	GlobalSection(SolutionProperties) = preSolution
		HideSolutionNode = FALSE
	EndGlobalSection
	GlobalSection(NestedProjects) = preSolution
		{C1EE52BC-4286-4B91-9E8D-7F6EF8B442CB} = {FCD26C95-9F18-4058-9F0F-562B85232B89}
		{2189102C-8698-4760-A2C5-ADED686F84E2} = {A90CFCD6-CB91-4447-BC55-F01AFC9B2390}
		{4DAC0CF2-5FEE-4AE5-86A9-618A0DAAC84B} = {FCD26C95-9F18-4058-9F0F-562B85232B89}
		{A90CFCD6-CB91-4447-BC55-F01AFC9B2390} = {FCD26C95-9F18-4058-9F0F-562B85232B89}
		{2083F92C-3C42-44A2-9AFD-B7D600C70055} = {FCD26C95-9F18-4058-9F0F-562B85232B89}
		{7E0E337E-0182-4A0E-BAA6-6941F48629C9} = {A90CFCD6-CB91-4447-BC55-F01AFC9B2390}
		{1868097D-BFBF-4CBC-81C3-9C7F8B2C1F0E} = {A90CFCD6-CB91-4447-BC55-F01AFC9B2390}
		{645FB90E-0136-496A-937D-072BC8506511} = {2083F92C-3C42-44A2-9AFD-B7D600C70055}
		{2CB04905-1012-4C39-B349-BDABA42D65A7} = {EBF58A42-4E8B-4732-AF93-74FF2262BF87}
		{7C598848-1D50-4BF2-B92A-3A7AF50058A9} = {EBF58A42-4E8B-4732-AF93-74FF2262BF87}
	EndGlobalSection
	GlobalSection(ExtensibilityGlobals) = postSolution
		SolutionGuid = {187986BD-ACA0-4AE8-B089-007BC30912C7}
	EndGlobalSection
EndGlobal
